
Microsoft Visual Studio Solution File, Format Version 12.00
# Visual Studio Version 17
VisualStudioVersion = 17.6.33815.320
MinimumVisualStudioVersion = 10.0.40219.1
Project("{FAE04EC0-301F-11D3-BF4B-00C04F79EFBC}") = "HowNET EmbedsAttributeDataIntoAssemblies", "HowNET EmbedsAttributeDataIntoAssemblies\HowNET EmbedsAttributeDataIntoAssemblies.csproj", "{CD67866D-D7C9-4C3F-8016-F576A60E043D}"
EndProject
Global
	GlobalSection(SolutionConfigurationPlatforms) = preSolution
		Debug|Any CPU = Debug|Any CPU
		Release|Any CPU = Release|Any CPU
	EndGlobalSection
	GlobalSection(ProjectConfigurationPlatforms) = postSolution
		{CD67866D-D7C9-4C3F-8016-F576A60E043D}.Debug|Any CPU.ActiveCfg = Debug|Any CPU
		{CD67866D-D7C9-4C3F-8016-F576A60E043D}.Debug|Any CPU.Build.0 = Debug|Any CPU
		{CD67866D-D7C9-4C3F-8016-F576A60E043D}.Release|Any CPU.ActiveCfg = Release|Any CPU
		{CD67866D-D7C9-4C3F-8016-F576A60E043D}.Release|Any CPU.Build.0 = Release|Any CPU
	EndGlobalSection
	GlobalSection(SolutionProperties) = preSolution
		HideSolutionNode = FALSE
	EndGlobalSection
	GlobalSection(ExtensibilityGlobals) = postSolution
		SolutionGuid = {59B4FD23-634E-4F7D-AC40-1EF3AFF7A72D}
	EndGlobalSection
EndGlobal
